
Microsoft Visual Studio Solution File, Format Version 12.00
# Visual Studio Version 16
VisualStudioVersion = 16.0.28803.202
MinimumVisualStudioVersion = 10.0.40219.1
Project("{FAE04EC0-301F-11D3-BF4B-00C04F79EFBC}") = "store disktop", "store disktop\store disktop.csproj", "{B2FF214F-0A7D-47B8-9D89-993D5A3E485C}"
EndProject
Global
	GlobalSection(SolutionConfigurationPlatforms) = preSolution
		Debug|Any CPU = Debug|Any CPU
		Release|Any CPU = Release|Any CPU
	EndGlobalSection
	GlobalSection(ProjectConfigurationPlatforms) = postSolution
		{B2FF214F-0A7D-47B8-9D89-993D5A3E485C}.Debug|Any CPU.ActiveCfg = Debug|Any CPU
		{B2FF214F-0A7D-47B8-9D89-993D5A3E485C}.Debug|Any CPU.Build.0 = Debug|Any CPU
		{B2FF214F-0A7D-47B8-9D89-993D5A3E485C}.Release|Any CPU.ActiveCfg = Release|Any CPU
		{B2FF214F-0A7D-47B8-9D89-993D5A3E485C}.Release|Any CPU.Build.0 = Release|Any CPU
	EndGlobalSection
	GlobalSection(SolutionProperties) = preSolution
		HideSolutionNode = FALSE
	EndGlobalSection
	GlobalSection(ExtensibilityGlobals) = postSolution
		SolutionGuid = {5580F262-8B37-4CAB-87D8-BC1ADC5A57BB}
	EndGlobalSection
EndGlobal
